
Microsoft Visual Studio Solution File, Format Version 12.00
# Visual Studio 2013
VisualStudioVersion = 12.0.31101.0
MinimumVisualStudioVersion = 10.0.40219.1
Project("{FAE04EC0-301F-11D3-BF4B-00C04F79EFBC}") = "WeebreeOpen.FtpClientLib", "WeebreeOpen.FtpClientLib\WeebreeOpen.FtpClientLib.csproj", "{B08DF973-B9FC-4E92-BA14-24D5B1AF8677}"
EndProject
Project("{FAE04EC0-301F-11D3-BF4B-00C04F79EFBC}") = "WeebreeOpen.FtpClientLib.Test", "WeebreeOpen.FtpClientLib.Test\WeebreeOpen.FtpClientLib.Test.csproj", "{7DB1BB99-CCE4-4226-AF45-00475E9463D0}"
EndProject
Project("{2150E333-8FDC-42A3-9474-1A3956D46DE8}") = "Solution Items", "Solution Items", "{E7ECE1E5-60C5-4088-9B74-AF6422E33425}"
	ProjectSection(SolutionItems) = preProject
		README.md = README.md
	EndProjectSection
EndProject
Project("{FAE04EC0-301F-11D3-BF4B-00C04F79EFBC}") = "WeebreeOpen.Office365Api", "WeebreeOpenOffice365Api\WeebreeOpen.Office365Api.csproj", "{1FBDC553-F861-4ED2-BF16-0DCC3D871AE5}"
EndProject
Project("{FAE04EC0-301F-11D3-BF4B-00C04F79EFBC}") = "WeebreeOpen.Office365Api.Test", "WeebreeOpenOffice365Api.Test\WeebreeOpen.Office365Api.Test.csproj", "{0E317BBB-20A0-469D-BADD-4310911E52EE}"
EndProject
Project("{FAE04EC0-301F-11D3-BF4B-00C04F79EFBC}") = "WeebreeOpen.GitClientLib", "WeebreeOpen.GitClientLib\WeebreeOpen.GitClientLib.csproj", "{1DB9C560-961E-41DC-9C32-63AD129872E5}"
EndProject
Project("{FAE04EC0-301F-11D3-BF4B-00C04F79EFBC}") = "WeebreeOpen.GitClientLib.Test", "WeebreeOpen.GitClientLib.Test\WeebreeOpen.GitClientLib.Test.csproj", "{A3DAD784-20E8-4427-A2D5-5E29E4985104}"
EndProject
Project("{2150E333-8FDC-42A3-9474-1A3956D46DE8}") = "Ftp", "Ftp", "{44E924F2-7C18-4411-A184-761D2A3379AB}"
EndProject
Project("{2150E333-8FDC-42A3-9474-1A3956D46DE8}") = "Git", "Git", "{4E19B2D1-F3B0-4905-B398-EF7DBBBD51F9}"
EndProject
Project("{2150E333-8FDC-42A3-9474-1A3956D46DE8}") = "Office365", "Office365", "{B79C7B25-8B65-4BEA-B7A5-5095622BEAFE}"
EndProject
Project("{FAE04EC0-301F-11D3-BF4B-00C04F79EFBC}") = "WeebreeOpen.GitClientCmd", "WeebreeOpen.GitClientCmd\WeebreeOpen.GitClientCmd.csproj", "{9483A7AC-9A90-4CFA-85A4-CF85109CAA9D}"
EndProject
Project("{2150E333-8FDC-42A3-9474-1A3956D46DE8}") = "VisualStudio", "VisualStudio", "{7C46598B-C01D-452E-8C61-4CE0D915AB45}"
EndProject
Project("{FAE04EC0-301F-11D3-BF4B-00C04F79EFBC}") = "WeebreeOpen.VisualStudioClientLib", "WeebreeOpen.VisualStudioClientLib\WeebreeOpen.VisualStudioClientLib.csproj", "{038C89F5-FA3F-4ED5-A652-354C5955C395}"
EndProject
Project("{FAE04EC0-301F-11D3-BF4B-00C04F79EFBC}") = "WeebreeOpen.VisualStudioClientLib.Test", "WeebreeOpen.VisualStudioClientLib.Test\WeebreeOpen.VisualStudioClientLib.Test.csproj", "{1574824A-FFC9-4B96-BC2A-28FE350C69BB}"
EndProject
Project("{FAE04EC0-301F-11D3-BF4B-00C04F79EFBC}") = "WeebreeOpen.VisualStudioServerLib", "WeebreeOpen.VisualStudioServerLib\WeebreeOpen.VisualStudioServerLib.csproj", "{024B6F76-4485-4A1F-99BB-68A7E645566C}"
EndProject
Project("{FAE04EC0-301F-11D3-BF4B-00C04F79EFBC}") = "WeebreeOpen.VisualStudioServerLib.Test", "WeebreeOpen.VisualStudioServerLib.Test\WeebreeOpen.VisualStudioServerLib.Test.csproj", "{A112C8C4-DA85-409E-A3A2-EA4B33B77602}"
EndProject
Global
	GlobalSection(SolutionConfigurationPlatforms) = preSolution
		Debug|Any CPU = Debug|Any CPU
		Release|Any CPU = Release|Any CPU
	EndGlobalSection
	GlobalSection(ProjectConfigurationPlatforms) = postSolution
		{B08DF973-B9FC-4E92-BA14-24D5B1AF8677}.Debug|Any CPU.ActiveCfg = Debug|Any CPU
		{B08DF973-B9FC-4E92-BA14-24D5B1AF8677}.Debug|Any CPU.Build.0 = Debug|Any CPU
		{B08DF973-B9FC-4E92-BA14-24D5B1AF8677}.Release|Any CPU.ActiveCfg = Release|Any CPU
		{B08DF973-B9FC-4E92-BA14-24D5B1AF8677}.Release|Any CPU.Build.0 = Release|Any CPU
		{7DB1BB99-CCE4-4226-AF45-00475E9463D0}.Debug|Any CPU.ActiveCfg = Debug|Any CPU
		{7DB1BB99-CCE4-4226-AF45-00475E9463D0}.Debug|Any CPU.Build.0 = Debug|Any CPU
		{7DB1BB99-CCE4-4226-AF45-00475E9463D0}.Release|Any CPU.ActiveCfg = Release|Any CPU
		{7DB1BB99-CCE4-4226-AF45-00475E9463D0}.Release|Any CPU.Build.0 = Release|Any CPU
		{1FBDC553-F861-4ED2-BF16-0DCC3D871AE5}.Debug|Any CPU.ActiveCfg = Debug|Any CPU
		{1FBDC553-F861-4ED2-BF16-0DCC3D871AE5}.Debug|Any CPU.Build.0 = Debug|Any CPU
		{1FBDC553-F861-4ED2-BF16-0DCC3D871AE5}.Release|Any CPU.ActiveCfg = Release|Any CPU
		{1FBDC553-F861-4ED2-BF16-0DCC3D871AE5}.Release|Any CPU.Build.0 = Release|Any CPU
		{0E317BBB-20A0-469D-BADD-4310911E52EE}.Debug|Any CPU.ActiveCfg = Debug|Any CPU
		{0E317BBB-20A0-469D-BADD-4310911E52EE}.Debug|Any CPU.Build.0 = Debug|Any CPU
		{0E317BBB-20A0-469D-BADD-4310911E52EE}.Release|Any CPU.ActiveCfg = Release|Any CPU
		{0E317BBB-20A0-469D-BADD-4310911E52EE}.Release|Any CPU.Build.0 = Release|Any CPU
		{1DB9C560-961E-41DC-9C32-63AD129872E5}.Debug|Any CPU.ActiveCfg = Debug|Any CPU
		{1DB9C560-961E-41DC-9C32-63AD129872E5}.Debug|Any CPU.Build.0 = Debug|Any CPU
		{1DB9C560-961E-41DC-9C32-63AD129872E5}.Release|Any CPU.ActiveCfg = Release|Any CPU
		{1DB9C560-961E-41DC-9C32-63AD129872E5}.Release|Any CPU.Build.0 = Release|Any CPU
		{A3DAD784-20E8-4427-A2D5-5E29E4985104}.Debug|Any CPU.ActiveCfg = Debug|Any CPU
		{A3DAD784-20E8-4427-A2D5-5E29E4985104}.Debug|Any CPU.Build.0 = Debug|Any CPU
		{A3DAD784-20E8-4427-A2D5-5E29E4985104}.Release|Any CPU.ActiveCfg = Release|Any CPU
		{A3DAD784-20E8-4427-A2D5-5E29E4985104}.Release|Any CPU.Build.0 = Release|Any CPU
		{9483A7AC-9A90-4CFA-85A4-CF85109CAA9D}.Debug|Any CPU.ActiveCfg = Debug|Any CPU
		{9483A7AC-9A90-4CFA-85A4-CF85109CAA9D}.Debug|Any CPU.Build.0 = Debug|Any CPU
		{9483A7AC-9A90-4CFA-85A4-CF85109CAA9D}.Release|Any CPU.ActiveCfg = Release|Any CPU
		{9483A7AC-9A90-4CFA-85A4-CF85109CAA9D}.Release|Any CPU.Build.0 = Release|Any CPU
		{038C89F5-FA3F-4ED5-A652-354C5955C395}.Debug|Any CPU.ActiveCfg = Debug|Any CPU
		{038C89F5-FA3F-4ED5-A652-354C5955C395}.Debug|Any CPU.Build.0 = Debug|Any CPU
		{038C89F5-FA3F-4ED5-A652-354C5955C395}.Release|Any CPU.ActiveCfg = Release|Any CPU
		{038C89F5-FA3F-4ED5-A652-354C5955C395}.Release|Any CPU.Build.0 = Release|Any CPU
		{1574824A-FFC9-4B96-BC2A-28FE350C69BB}.Debug|Any CPU.ActiveCfg = Debug|Any CPU
		{1574824A-FFC9-4B96-BC2A-28FE350C69BB}.Debug|Any CPU.Build.0 = Debug|Any CPU
		{1574824A-FFC9-4B96-BC2A-28FE350C69BB}.Release|Any CPU.ActiveCfg = Release|Any CPU
		{1574824A-FFC9-4B96-BC2A-28FE350C69BB}.Release|Any CPU.Build.0 = Release|Any CPU
		{024B6F76-4485-4A1F-99BB-68A7E645566C}.Debug|Any CPU.ActiveCfg = Debug|Any CPU
		{024B6F76-4485-4A1F-99BB-68A7E645566C}.Debug|Any CPU.Build.0 = Debug|Any CPU
		{024B6F76-4485-4A1F-99BB-68A7E645566C}.Release|Any CPU.ActiveCfg = Release|Any CPU
		{024B6F76-4485-4A1F-99BB-68A7E645566C}.Release|Any CPU.Build.0 = Release|Any CPU
		{A112C8C4-DA85-409E-A3A2-EA4B33B77602}.Debug|Any CPU.ActiveCfg = Debug|Any CPU
		{A112C8C4-DA85-409E-A3A2-EA4B33B77602}.Debug|Any CPU.Build.0 = Debug|Any CPU
		{A112C8C4-DA85-409E-A3A2-EA4B33B77602}.Release|Any CPU.ActiveCfg = Release|Any CPU
		{A112C8C4-DA85-409E-A3A2-EA4B33B77602}.Release|Any CPU.Build.0 = Release|Any CPU
	EndGlobalSection
	GlobalSection(SolutionProperties) = preSolution
		HideSolutionNode = FALSE
	EndGlobalSection
	GlobalSection(NestedProjects) = preSolution
		{B08DF973-B9FC-4E92-BA14-24D5B1AF8677} = {44E924F2-7C18-4411-A184-761D2A3379AB}
		{7DB1BB99-CCE4-4226-AF45-00475E9463D0} = {44E924F2-7C18-4411-A184-761D2A3379AB}
		{1FBDC553-F861-4ED2-BF16-0DCC3D871AE5} = {B79C7B25-8B65-4BEA-B7A5-5095622BEAFE}
		{0E317BBB-20A0-469D-BADD-4310911E52EE} = {B79C7B25-8B65-4BEA-B7A5-5095622BEAFE}
		{1DB9C560-961E-41DC-9C32-63AD129872E5} = {4E19B2D1-F3B0-4905-B398-EF7DBBBD51F9}
		{A3DAD784-20E8-4427-A2D5-5E29E4985104} = {4E19B2D1-F3B0-4905-B398-EF7DBBBD51F9}
		{9483A7AC-9A90-4CFA-85A4-CF85109CAA9D} = {4E19B2D1-F3B0-4905-B398-EF7DBBBD51F9}
		{038C89F5-FA3F-4ED5-A652-354C5955C395} = {7C46598B-C01D-452E-8C61-4CE0D915AB45}
		{1574824A-FFC9-4B96-BC2A-28FE350C69BB} = {7C46598B-C01D-452E-8C61-4CE0D915AB45}
		{024B6F76-4485-4A1F-99BB-68A7E645566C} = {7C46598B-C01D-452E-8C61-4CE0D915AB45}
		{A112C8C4-DA85-409E-A3A2-EA4B33B77602} = {7C46598B-C01D-452E-8C61-4CE0D915AB45}
	EndGlobalSection
EndGlobal
